
Microsoft Visual Studio Solution File, Format Version 12.00
# Visual Studio 15
VisualStudioVersion = 15.0.26124.0
MinimumVisualStudioVersion = 15.0.26124.0
Project("{2150E333-8FDC-42A3-9474-1A3956D46DE8}") = "src", "src", "{10BC7168-BE16-4A3C-A7CC-F122C83E08F5}"
EndProject
Project("{FAE04EC0-301F-11D3-BF4B-00C04F79EFBC}") = "NGate.Api", "src\NGate.Api\NGate.Api.csproj", "{1AB8F7FA-F13A-4BB8-BE90-6E4A8CC5BA09}"
EndProject
Project("{FAE04EC0-301F-11D3-BF4B-00C04F79EFBC}") = "NGate", "src\NGate\NGate.csproj", "{BD735FBA-1D9C-45AD-8BDD-1E89B059E4CC}"
EndProject
Global
	GlobalSection(SolutionConfigurationPlatforms) = preSolution
		Debug|Any CPU = Debug|Any CPU
		Debug|x64 = Debug|x64
		Debug|x86 = Debug|x86
		Release|Any CPU = Release|Any CPU
		Release|x64 = Release|x64
		Release|x86 = Release|x86
	EndGlobalSection
	GlobalSection(SolutionProperties) = preSolution
		HideSolutionNode = FALSE
	EndGlobalSection
	GlobalSection(ProjectConfigurationPlatforms) = postSolution
		{1AB8F7FA-F13A-4BB8-BE90-6E4A8CC5BA09}.Debug|Any CPU.ActiveCfg = Debug|Any CPU
		{1AB8F7FA-F13A-4BB8-BE90-6E4A8CC5BA09}.Debug|Any CPU.Build.0 = Debug|Any CPU
		{1AB8F7FA-F13A-4BB8-BE90-6E4A8CC5BA09}.Debug|x64.ActiveCfg = Debug|Any CPU
		{1AB8F7FA-F13A-4BB8-BE90-6E4A8CC5BA09}.Debug|x64.Build.0 = Debug|Any CPU
		{1AB8F7FA-F13A-4BB8-BE90-6E4A8CC5BA09}.Debug|x86.ActiveCfg = Debug|Any CPU
		{1AB8F7FA-F13A-4BB8-BE90-6E4A8CC5BA09}.Debug|x86.Build.0 = Debug|Any CPU
		{1AB8F7FA-F13A-4BB8-BE90-6E4A8CC5BA09}.Release|Any CPU.ActiveCfg = Release|Any CPU
		{1AB8F7FA-F13A-4BB8-BE90-6E4A8CC5BA09}.Release|Any CPU.Build.0 = Release|Any CPU
		{1AB8F7FA-F13A-4BB8-BE90-6E4A8CC5BA09}.Release|x64.ActiveCfg = Release|Any CPU
		{1AB8F7FA-F13A-4BB8-BE90-6E4A8CC5BA09}.Release|x64.Build.0 = Release|Any CPU
		{1AB8F7FA-F13A-4BB8-BE90-6E4A8CC5BA09}.Release|x86.ActiveCfg = Release|Any CPU
		{1AB8F7FA-F13A-4BB8-BE90-6E4A8CC5BA09}.Release|x86.Build.0 = Release|Any CPU
		{BD735FBA-1D9C-45AD-8BDD-1E89B059E4CC}.Debug|Any CPU.ActiveCfg = Debug|Any CPU
		{BD735FBA-1D9C-45AD-8BDD-1E89B059E4CC}.Debug|Any CPU.Build.0 = Debug|Any CPU
		{BD735FBA-1D9C-45AD-8BDD-1E89B059E4CC}.Debug|x64.ActiveCfg = Debug|Any CPU
		{BD735FBA-1D9C-45AD-8BDD-1E89B059E4CC}.Debug|x64.Build.0 = Debug|Any CPU
		{BD735FBA-1D9C-45AD-8BDD-1E89B059E4CC}.Debug|x86.ActiveCfg = Debug|Any CPU
		{BD735FBA-1D9C-45AD-8BDD-1E89B059E4CC}.Debug|x86.Build.0 = Debug|Any CPU
		{BD735FBA-1D9C-45AD-8BDD-1E89B059E4CC}.Release|Any CPU.ActiveCfg = Release|Any CPU
		{BD735FBA-1D9C-45AD-8BDD-1E89B059E4CC}.Release|Any CPU.Build.0 = Release|Any CPU
		{BD735FBA-1D9C-45AD-8BDD-1E89B059E4CC}.Release|x64.ActiveCfg = Release|Any CPU
		{BD735FBA-1D9C-45AD-8BDD-1E89B059E4CC}.Release|x64.Build.0 = Release|Any CPU
		{BD735FBA-1D9C-45AD-8BDD-1E89B059E4CC}.Release|x86.ActiveCfg = Release|Any CPU
		{BD735FBA-1D9C-45AD-8BDD-1E89B059E4CC}.Release|x86.Build.0 = Release|Any CPU
	EndGlobalSection
	GlobalSection(NestedProjects) = preSolution
		{1AB8F7FA-F13A-4BB8-BE90-6E4A8CC5BA09} = {10BC7168-BE16-4A3C-A7CC-F122C83E08F5}
		{BD735FBA-1D9C-45AD-8BDD-1E89B059E4CC} = {10BC7168-BE16-4A3C-A7CC-F122C83E08F5}
	EndGlobalSection
EndGlobal
