
Microsoft Visual Studio Solution File, Format Version 12.00
# Visual Studio 15
VisualStudioVersion = 15.0.26124.0
MinimumVisualStudioVersion = 15.0.26124.0
Project("{2150E333-8FDC-42A3-9474-1A3956D46DE8}") = "src", "src", "{10BC7168-BE16-4A3C-A7CC-F122C83E08F5}"
EndProject
Project("{FAE04EC0-301F-11D3-BF4B-00C04F79EFBC}") = "Ntrada", "src\Ntrada\Ntrada.csproj", "{BD735FBA-1D9C-45AD-8BDD-1E89B059E4CC}"
EndProject
Project("{FAE04EC0-301F-11D3-BF4B-00C04F79EFBC}") = "Ntrada.Handlers.RabbitMq", "src\Ntrada.Handlers.RabbitMq\Ntrada.Handlers.RabbitMq.csproj", "{EE7F8EBC-9603-4A30-898E-7C606BC534E7}"
EndProject
Project("{FAE04EC0-301F-11D3-BF4B-00C04F79EFBC}") = "Ntrada.Host", "src\Ntrada.Host\Ntrada.Host.csproj", "{0B949CC3-A1AF-4460-A942-D03ADA500BC0}"
EndProject
Project("{2150E333-8FDC-42A3-9474-1A3956D46DE8}") = "tests", "tests", "{D1922E6F-C1D9-4C38-B667-36E417734DE8}"
EndProject
Project("{FAE04EC0-301F-11D3-BF4B-00C04F79EFBC}") = "Ntrada.Tests.Integration", "tests\Ntrada.Tests.Integration\Ntrada.Tests.Integration.csproj", "{8A8B41A2-9EAB-4E7C-9BDA-2DB93636CD2A}"
EndProject
Project("{FAE04EC0-301F-11D3-BF4B-00C04F79EFBC}") = "Ntrada.Tests.Unit", "tests\Ntrada.Tests.Unit\Ntrada.Tests.Unit.csproj", "{254EE5DD-ACA8-4BE0-B8DD-5594C2C03D6C}"
EndProject
Project("{2150E333-8FDC-42A3-9474-1A3956D46DE8}") = "samples", "samples", "{367233AC-1E0D-4FA2-8701-09702663DD54}"
EndProject
Project("{FAE04EC0-301F-11D3-BF4B-00C04F79EFBC}") = "Ntrada.Samples.Api", "samples\Ntrada.Samples.Api\Ntrada.Samples.Api.csproj", "{5195DD55-8257-4238-9B92-33E8574BBAA0}"
EndProject
Global
	GlobalSection(SolutionConfigurationPlatforms) = preSolution
		Debug|Any CPU = Debug|Any CPU
		Debug|x64 = Debug|x64
		Debug|x86 = Debug|x86
		Release|Any CPU = Release|Any CPU
		Release|x64 = Release|x64
		Release|x86 = Release|x86
	EndGlobalSection
	GlobalSection(SolutionProperties) = preSolution
		HideSolutionNode = FALSE
	EndGlobalSection
	GlobalSection(ProjectConfigurationPlatforms) = postSolution
		{BD735FBA-1D9C-45AD-8BDD-1E89B059E4CC}.Debug|Any CPU.ActiveCfg = Debug|Any CPU
		{BD735FBA-1D9C-45AD-8BDD-1E89B059E4CC}.Debug|Any CPU.Build.0 = Debug|Any CPU
		{BD735FBA-1D9C-45AD-8BDD-1E89B059E4CC}.Debug|x64.ActiveCfg = Debug|Any CPU
		{BD735FBA-1D9C-45AD-8BDD-1E89B059E4CC}.Debug|x64.Build.0 = Debug|Any CPU
		{BD735FBA-1D9C-45AD-8BDD-1E89B059E4CC}.Debug|x86.ActiveCfg = Debug|Any CPU
		{BD735FBA-1D9C-45AD-8BDD-1E89B059E4CC}.Debug|x86.Build.0 = Debug|Any CPU
		{BD735FBA-1D9C-45AD-8BDD-1E89B059E4CC}.Release|Any CPU.ActiveCfg = Release|Any CPU
		{BD735FBA-1D9C-45AD-8BDD-1E89B059E4CC}.Release|Any CPU.Build.0 = Release|Any CPU
		{BD735FBA-1D9C-45AD-8BDD-1E89B059E4CC}.Release|x64.ActiveCfg = Release|Any CPU
		{BD735FBA-1D9C-45AD-8BDD-1E89B059E4CC}.Release|x64.Build.0 = Release|Any CPU
		{BD735FBA-1D9C-45AD-8BDD-1E89B059E4CC}.Release|x86.ActiveCfg = Release|Any CPU
		{BD735FBA-1D9C-45AD-8BDD-1E89B059E4CC}.Release|x86.Build.0 = Release|Any CPU
		{EE7F8EBC-9603-4A30-898E-7C606BC534E7}.Debug|Any CPU.ActiveCfg = Debug|Any CPU
		{EE7F8EBC-9603-4A30-898E-7C606BC534E7}.Debug|Any CPU.Build.0 = Debug|Any CPU
		{EE7F8EBC-9603-4A30-898E-7C606BC534E7}.Debug|x64.ActiveCfg = Debug|Any CPU
		{EE7F8EBC-9603-4A30-898E-7C606BC534E7}.Debug|x64.Build.0 = Debug|Any CPU
		{EE7F8EBC-9603-4A30-898E-7C606BC534E7}.Debug|x86.ActiveCfg = Debug|Any CPU
		{EE7F8EBC-9603-4A30-898E-7C606BC534E7}.Debug|x86.Build.0 = Debug|Any CPU
		{EE7F8EBC-9603-4A30-898E-7C606BC534E7}.Release|Any CPU.ActiveCfg = Release|Any CPU
		{EE7F8EBC-9603-4A30-898E-7C606BC534E7}.Release|Any CPU.Build.0 = Release|Any CPU
		{EE7F8EBC-9603-4A30-898E-7C606BC534E7}.Release|x64.ActiveCfg = Release|Any CPU
		{EE7F8EBC-9603-4A30-898E-7C606BC534E7}.Release|x64.Build.0 = Release|Any CPU
		{EE7F8EBC-9603-4A30-898E-7C606BC534E7}.Release|x86.ActiveCfg = Release|Any CPU
		{EE7F8EBC-9603-4A30-898E-7C606BC534E7}.Release|x86.Build.0 = Release|Any CPU
		{0B949CC3-A1AF-4460-A942-D03ADA500BC0}.Debug|Any CPU.ActiveCfg = Debug|Any CPU
		{0B949CC3-A1AF-4460-A942-D03ADA500BC0}.Debug|Any CPU.Build.0 = Debug|Any CPU
		{0B949CC3-A1AF-4460-A942-D03ADA500BC0}.Debug|x64.ActiveCfg = Debug|Any CPU
		{0B949CC3-A1AF-4460-A942-D03ADA500BC0}.Debug|x64.Build.0 = Debug|Any CPU
		{0B949CC3-A1AF-4460-A942-D03ADA500BC0}.Debug|x86.ActiveCfg = Debug|Any CPU
		{0B949CC3-A1AF-4460-A942-D03ADA500BC0}.Debug|x86.Build.0 = Debug|Any CPU
		{0B949CC3-A1AF-4460-A942-D03ADA500BC0}.Release|Any CPU.ActiveCfg = Release|Any CPU
		{0B949CC3-A1AF-4460-A942-D03ADA500BC0}.Release|Any CPU.Build.0 = Release|Any CPU
		{0B949CC3-A1AF-4460-A942-D03ADA500BC0}.Release|x64.ActiveCfg = Release|Any CPU
		{0B949CC3-A1AF-4460-A942-D03ADA500BC0}.Release|x64.Build.0 = Release|Any CPU
		{0B949CC3-A1AF-4460-A942-D03ADA500BC0}.Release|x86.ActiveCfg = Release|Any CPU
		{0B949CC3-A1AF-4460-A942-D03ADA500BC0}.Release|x86.Build.0 = Release|Any CPU
		{8A8B41A2-9EAB-4E7C-9BDA-2DB93636CD2A}.Debug|Any CPU.ActiveCfg = Debug|Any CPU
		{8A8B41A2-9EAB-4E7C-9BDA-2DB93636CD2A}.Debug|Any CPU.Build.0 = Debug|Any CPU
		{8A8B41A2-9EAB-4E7C-9BDA-2DB93636CD2A}.Debug|x64.ActiveCfg = Debug|Any CPU
		{8A8B41A2-9EAB-4E7C-9BDA-2DB93636CD2A}.Debug|x64.Build.0 = Debug|Any CPU
		{8A8B41A2-9EAB-4E7C-9BDA-2DB93636CD2A}.Debug|x86.ActiveCfg = Debug|Any CPU
		{8A8B41A2-9EAB-4E7C-9BDA-2DB93636CD2A}.Debug|x86.Build.0 = Debug|Any CPU
		{8A8B41A2-9EAB-4E7C-9BDA-2DB93636CD2A}.Release|Any CPU.ActiveCfg = Release|Any CPU
		{8A8B41A2-9EAB-4E7C-9BDA-2DB93636CD2A}.Release|Any CPU.Build.0 = Release|Any CPU
		{8A8B41A2-9EAB-4E7C-9BDA-2DB93636CD2A}.Release|x64.ActiveCfg = Release|Any CPU
		{8A8B41A2-9EAB-4E7C-9BDA-2DB93636CD2A}.Release|x64.Build.0 = Release|Any CPU
		{8A8B41A2-9EAB-4E7C-9BDA-2DB93636CD2A}.Release|x86.ActiveCfg = Release|Any CPU
		{8A8B41A2-9EAB-4E7C-9BDA-2DB93636CD2A}.Release|x86.Build.0 = Release|Any CPU
		{254EE5DD-ACA8-4BE0-B8DD-5594C2C03D6C}.Debug|Any CPU.ActiveCfg = Debug|Any CPU
		{254EE5DD-ACA8-4BE0-B8DD-5594C2C03D6C}.Debug|Any CPU.Build.0 = Debug|Any CPU
		{254EE5DD-ACA8-4BE0-B8DD-5594C2C03D6C}.Debug|x64.ActiveCfg = Debug|Any CPU
		{254EE5DD-ACA8-4BE0-B8DD-5594C2C03D6C}.Debug|x64.Build.0 = Debug|Any CPU
		{254EE5DD-ACA8-4BE0-B8DD-5594C2C03D6C}.Debug|x86.ActiveCfg = Debug|Any CPU
		{254EE5DD-ACA8-4BE0-B8DD-5594C2C03D6C}.Debug|x86.Build.0 = Debug|Any CPU
		{254EE5DD-ACA8-4BE0-B8DD-5594C2C03D6C}.Release|Any CPU.ActiveCfg = Release|Any CPU
		{254EE5DD-ACA8-4BE0-B8DD-5594C2C03D6C}.Release|Any CPU.Build.0 = Release|Any CPU
		{254EE5DD-ACA8-4BE0-B8DD-5594C2C03D6C}.Release|x64.ActiveCfg = Release|Any CPU
		{254EE5DD-ACA8-4BE0-B8DD-5594C2C03D6C}.Release|x64.Build.0 = Release|Any CPU
		{254EE5DD-ACA8-4BE0-B8DD-5594C2C03D6C}.Release|x86.ActiveCfg = Release|Any CPU
		{254EE5DD-ACA8-4BE0-B8DD-5594C2C03D6C}.Release|x86.Build.0 = Release|Any CPU
		{5195DD55-8257-4238-9B92-33E8574BBAA0}.Debug|Any CPU.ActiveCfg = Debug|Any CPU
		{5195DD55-8257-4238-9B92-33E8574BBAA0}.Debug|Any CPU.Build.0 = Debug|Any CPU
		{5195DD55-8257-4238-9B92-33E8574BBAA0}.Debug|x64.ActiveCfg = Debug|Any CPU
		{5195DD55-8257-4238-9B92-33E8574BBAA0}.Debug|x64.Build.0 = Debug|Any CPU
		{5195DD55-8257-4238-9B92-33E8574BBAA0}.Debug|x86.ActiveCfg = Debug|Any CPU
		{5195DD55-8257-4238-9B92-33E8574BBAA0}.Debug|x86.Build.0 = Debug|Any CPU
		{5195DD55-8257-4238-9B92-33E8574BBAA0}.Release|Any CPU.ActiveCfg = Release|Any CPU
		{5195DD55-8257-4238-9B92-33E8574BBAA0}.Release|Any CPU.Build.0 = Release|Any CPU
		{5195DD55-8257-4238-9B92-33E8574BBAA0}.Release|x64.ActiveCfg = Release|Any CPU
		{5195DD55-8257-4238-9B92-33E8574BBAA0}.Release|x64.Build.0 = Release|Any CPU
		{5195DD55-8257-4238-9B92-33E8574BBAA0}.Release|x86.ActiveCfg = Release|Any CPU
		{5195DD55-8257-4238-9B92-33E8574BBAA0}.Release|x86.Build.0 = Release|Any CPU
	EndGlobalSection
	GlobalSection(NestedProjects) = preSolution
		{BD735FBA-1D9C-45AD-8BDD-1E89B059E4CC} = {10BC7168-BE16-4A3C-A7CC-F122C83E08F5}
		{EE7F8EBC-9603-4A30-898E-7C606BC534E7} = {10BC7168-BE16-4A3C-A7CC-F122C83E08F5}
		{0B949CC3-A1AF-4460-A942-D03ADA500BC0} = {10BC7168-BE16-4A3C-A7CC-F122C83E08F5}
		{8A8B41A2-9EAB-4E7C-9BDA-2DB93636CD2A} = {D1922E6F-C1D9-4C38-B667-36E417734DE8}
		{254EE5DD-ACA8-4BE0-B8DD-5594C2C03D6C} = {D1922E6F-C1D9-4C38-B667-36E417734DE8}
		{5195DD55-8257-4238-9B92-33E8574BBAA0} = {367233AC-1E0D-4FA2-8701-09702663DD54}
	EndGlobalSection
EndGlobal
