
Microsoft Visual Studio Solution File, Format Version 12.00
# Visual Studio 15
VisualStudioVersion = 15.0.26124.0
MinimumVisualStudioVersion = 15.0.26124.0
Project("{2150E333-8FDC-42A3-9474-1A3956D46DE8}") = "src", "src", "{10BC7168-BE16-4A3C-A7CC-F122C83E08F5}"
EndProject
Project("{FAE04EC0-301F-11D3-BF4B-00C04F79EFBC}") = "Ntrada", "src\Ntrada\Ntrada.csproj", "{BD735FBA-1D9C-45AD-8BDD-1E89B059E4CC}"
EndProject
Project("{FAE04EC0-301F-11D3-BF4B-00C04F79EFBC}") = "Ntrada.Host", "src\Ntrada.Host\Ntrada.Host.csproj", "{0B949CC3-A1AF-4460-A942-D03ADA500BC0}"
EndProject
Project("{2150E333-8FDC-42A3-9474-1A3956D46DE8}") = "tests", "tests", "{D1922E6F-C1D9-4C38-B667-36E417734DE8}"
EndProject
Project("{FAE04EC0-301F-11D3-BF4B-00C04F79EFBC}") = "Ntrada.Tests.Integration", "tests\Ntrada.Tests.Integration\Ntrada.Tests.Integration.csproj", "{8A8B41A2-9EAB-4E7C-9BDA-2DB93636CD2A}"
EndProject
Project("{FAE04EC0-301F-11D3-BF4B-00C04F79EFBC}") = "Ntrada.Tests.Unit", "tests\Ntrada.Tests.Unit\Ntrada.Tests.Unit.csproj", "{254EE5DD-ACA8-4BE0-B8DD-5594C2C03D6C}"
EndProject
Project("{2150E333-8FDC-42A3-9474-1A3956D46DE8}") = "samples", "samples", "{367233AC-1E0D-4FA2-8701-09702663DD54}"
EndProject
Project("{FAE04EC0-301F-11D3-BF4B-00C04F79EFBC}") = "Ntrada.Samples.Api", "samples\Ntrada.Samples.Api\Ntrada.Samples.Api.csproj", "{5195DD55-8257-4238-9B92-33E8574BBAA0}"
EndProject
Project("{2150E333-8FDC-42A3-9474-1A3956D46DE8}") = "extensions", "extensions", "{6E8C9C7B-7249-41CD-A466-C11A8644400B}"
EndProject
Project("{FAE04EC0-301F-11D3-BF4B-00C04F79EFBC}") = "Ntrada.Extensions.Jwt", "extensions\Ntrada.Extensions.Jwt\Ntrada.Extensions.Jwt.csproj", "{B606AE04-E5B7-4912-AEB1-CCEDD3CBA536}"
EndProject
Project("{FAE04EC0-301F-11D3-BF4B-00C04F79EFBC}") = "Ntrada.Extensions.RabbitMq", "extensions\Ntrada.Extensions.RabbitMq\Ntrada.Extensions.RabbitMq.csproj", "{4C88EF7A-90AC-4E3E-A819-2CC4CCC17402}"
EndProject
Project("{FAE04EC0-301F-11D3-BF4B-00C04F79EFBC}") = "Ntrada.Extensions.CustomErrors", "extensions\Ntrada.Extensions.CustomErrors\Ntrada.Extensions.CustomErrors.csproj", "{AB8D52BD-06EE-4465-90EC-C77A36FB1B23}"
EndProject
Project("{FAE04EC0-301F-11D3-BF4B-00C04F79EFBC}") = "Ntrada.Extensions.Cors", "extensions\Ntrada.Extensions.Cors\Ntrada.Extensions.Cors.csproj", "{29689A6F-5460-4100-B51A-78EF322DF5D5}"
EndProject
Project("{FAE04EC0-301F-11D3-BF4B-00C04F79EFBC}") = "Ntrada.Extensions.Tracing", "extensions\Ntrada.Extensions.Tracing\Ntrada.Extensions.Tracing.csproj", "{CC9A3D1E-84DC-43A2-9BC1-BBFE0DF471AF}"
EndProject
Global
	GlobalSection(SolutionConfigurationPlatforms) = preSolution
		Debug|Any CPU = Debug|Any CPU
		Debug|x64 = Debug|x64
		Debug|x86 = Debug|x86
		Release|Any CPU = Release|Any CPU
		Release|x64 = Release|x64
		Release|x86 = Release|x86
	EndGlobalSection
	GlobalSection(SolutionProperties) = preSolution
		HideSolutionNode = FALSE
	EndGlobalSection
	GlobalSection(ProjectConfigurationPlatforms) = postSolution
		{BD735FBA-1D9C-45AD-8BDD-1E89B059E4CC}.Debug|Any CPU.ActiveCfg = Debug|Any CPU
		{BD735FBA-1D9C-45AD-8BDD-1E89B059E4CC}.Debug|Any CPU.Build.0 = Debug|Any CPU
		{BD735FBA-1D9C-45AD-8BDD-1E89B059E4CC}.Debug|x64.ActiveCfg = Debug|Any CPU
		{BD735FBA-1D9C-45AD-8BDD-1E89B059E4CC}.Debug|x64.Build.0 = Debug|Any CPU
		{BD735FBA-1D9C-45AD-8BDD-1E89B059E4CC}.Debug|x86.ActiveCfg = Debug|Any CPU
		{BD735FBA-1D9C-45AD-8BDD-1E89B059E4CC}.Debug|x86.Build.0 = Debug|Any CPU
		{BD735FBA-1D9C-45AD-8BDD-1E89B059E4CC}.Release|Any CPU.ActiveCfg = Release|Any CPU
		{BD735FBA-1D9C-45AD-8BDD-1E89B059E4CC}.Release|Any CPU.Build.0 = Release|Any CPU
		{BD735FBA-1D9C-45AD-8BDD-1E89B059E4CC}.Release|x64.ActiveCfg = Release|Any CPU
		{BD735FBA-1D9C-45AD-8BDD-1E89B059E4CC}.Release|x64.Build.0 = Release|Any CPU
		{BD735FBA-1D9C-45AD-8BDD-1E89B059E4CC}.Release|x86.ActiveCfg = Release|Any CPU
		{BD735FBA-1D9C-45AD-8BDD-1E89B059E4CC}.Release|x86.Build.0 = Release|Any CPU
		{0B949CC3-A1AF-4460-A942-D03ADA500BC0}.Debug|Any CPU.ActiveCfg = Debug|Any CPU
		{0B949CC3-A1AF-4460-A942-D03ADA500BC0}.Debug|Any CPU.Build.0 = Debug|Any CPU
		{0B949CC3-A1AF-4460-A942-D03ADA500BC0}.Debug|x64.ActiveCfg = Debug|Any CPU
		{0B949CC3-A1AF-4460-A942-D03ADA500BC0}.Debug|x64.Build.0 = Debug|Any CPU
		{0B949CC3-A1AF-4460-A942-D03ADA500BC0}.Debug|x86.ActiveCfg = Debug|Any CPU
		{0B949CC3-A1AF-4460-A942-D03ADA500BC0}.Debug|x86.Build.0 = Debug|Any CPU
		{0B949CC3-A1AF-4460-A942-D03ADA500BC0}.Release|Any CPU.ActiveCfg = Release|Any CPU
		{0B949CC3-A1AF-4460-A942-D03ADA500BC0}.Release|Any CPU.Build.0 = Release|Any CPU
		{0B949CC3-A1AF-4460-A942-D03ADA500BC0}.Release|x64.ActiveCfg = Release|Any CPU
		{0B949CC3-A1AF-4460-A942-D03ADA500BC0}.Release|x64.Build.0 = Release|Any CPU
		{0B949CC3-A1AF-4460-A942-D03ADA500BC0}.Release|x86.ActiveCfg = Release|Any CPU
		{0B949CC3-A1AF-4460-A942-D03ADA500BC0}.Release|x86.Build.0 = Release|Any CPU
		{8A8B41A2-9EAB-4E7C-9BDA-2DB93636CD2A}.Debug|Any CPU.ActiveCfg = Debug|Any CPU
		{8A8B41A2-9EAB-4E7C-9BDA-2DB93636CD2A}.Debug|Any CPU.Build.0 = Debug|Any CPU
		{8A8B41A2-9EAB-4E7C-9BDA-2DB93636CD2A}.Debug|x64.ActiveCfg = Debug|Any CPU
		{8A8B41A2-9EAB-4E7C-9BDA-2DB93636CD2A}.Debug|x64.Build.0 = Debug|Any CPU
		{8A8B41A2-9EAB-4E7C-9BDA-2DB93636CD2A}.Debug|x86.ActiveCfg = Debug|Any CPU
		{8A8B41A2-9EAB-4E7C-9BDA-2DB93636CD2A}.Debug|x86.Build.0 = Debug|Any CPU
		{8A8B41A2-9EAB-4E7C-9BDA-2DB93636CD2A}.Release|Any CPU.ActiveCfg = Release|Any CPU
		{8A8B41A2-9EAB-4E7C-9BDA-2DB93636CD2A}.Release|Any CPU.Build.0 = Release|Any CPU
		{8A8B41A2-9EAB-4E7C-9BDA-2DB93636CD2A}.Release|x64.ActiveCfg = Release|Any CPU
		{8A8B41A2-9EAB-4E7C-9BDA-2DB93636CD2A}.Release|x64.Build.0 = Release|Any CPU
		{8A8B41A2-9EAB-4E7C-9BDA-2DB93636CD2A}.Release|x86.ActiveCfg = Release|Any CPU
		{8A8B41A2-9EAB-4E7C-9BDA-2DB93636CD2A}.Release|x86.Build.0 = Release|Any CPU
		{254EE5DD-ACA8-4BE0-B8DD-5594C2C03D6C}.Debug|Any CPU.ActiveCfg = Debug|Any CPU
		{254EE5DD-ACA8-4BE0-B8DD-5594C2C03D6C}.Debug|Any CPU.Build.0 = Debug|Any CPU
		{254EE5DD-ACA8-4BE0-B8DD-5594C2C03D6C}.Debug|x64.ActiveCfg = Debug|Any CPU
		{254EE5DD-ACA8-4BE0-B8DD-5594C2C03D6C}.Debug|x64.Build.0 = Debug|Any CPU
		{254EE5DD-ACA8-4BE0-B8DD-5594C2C03D6C}.Debug|x86.ActiveCfg = Debug|Any CPU
		{254EE5DD-ACA8-4BE0-B8DD-5594C2C03D6C}.Debug|x86.Build.0 = Debug|Any CPU
		{254EE5DD-ACA8-4BE0-B8DD-5594C2C03D6C}.Release|Any CPU.ActiveCfg = Release|Any CPU
		{254EE5DD-ACA8-4BE0-B8DD-5594C2C03D6C}.Release|Any CPU.Build.0 = Release|Any CPU
		{254EE5DD-ACA8-4BE0-B8DD-5594C2C03D6C}.Release|x64.ActiveCfg = Release|Any CPU
		{254EE5DD-ACA8-4BE0-B8DD-5594C2C03D6C}.Release|x64.Build.0 = Release|Any CPU
		{254EE5DD-ACA8-4BE0-B8DD-5594C2C03D6C}.Release|x86.ActiveCfg = Release|Any CPU
		{254EE5DD-ACA8-4BE0-B8DD-5594C2C03D6C}.Release|x86.Build.0 = Release|Any CPU
		{5195DD55-8257-4238-9B92-33E8574BBAA0}.Debug|Any CPU.ActiveCfg = Debug|Any CPU
		{5195DD55-8257-4238-9B92-33E8574BBAA0}.Debug|Any CPU.Build.0 = Debug|Any CPU
		{5195DD55-8257-4238-9B92-33E8574BBAA0}.Debug|x64.ActiveCfg = Debug|Any CPU
		{5195DD55-8257-4238-9B92-33E8574BBAA0}.Debug|x64.Build.0 = Debug|Any CPU
		{5195DD55-8257-4238-9B92-33E8574BBAA0}.Debug|x86.ActiveCfg = Debug|Any CPU
		{5195DD55-8257-4238-9B92-33E8574BBAA0}.Debug|x86.Build.0 = Debug|Any CPU
		{5195DD55-8257-4238-9B92-33E8574BBAA0}.Release|Any CPU.ActiveCfg = Release|Any CPU
		{5195DD55-8257-4238-9B92-33E8574BBAA0}.Release|Any CPU.Build.0 = Release|Any CPU
		{5195DD55-8257-4238-9B92-33E8574BBAA0}.Release|x64.ActiveCfg = Release|Any CPU
		{5195DD55-8257-4238-9B92-33E8574BBAA0}.Release|x64.Build.0 = Release|Any CPU
		{5195DD55-8257-4238-9B92-33E8574BBAA0}.Release|x86.ActiveCfg = Release|Any CPU
		{5195DD55-8257-4238-9B92-33E8574BBAA0}.Release|x86.Build.0 = Release|Any CPU
		{B606AE04-E5B7-4912-AEB1-CCEDD3CBA536}.Debug|Any CPU.ActiveCfg = Debug|Any CPU
		{B606AE04-E5B7-4912-AEB1-CCEDD3CBA536}.Debug|Any CPU.Build.0 = Debug|Any CPU
		{B606AE04-E5B7-4912-AEB1-CCEDD3CBA536}.Debug|x64.ActiveCfg = Debug|Any CPU
		{B606AE04-E5B7-4912-AEB1-CCEDD3CBA536}.Debug|x64.Build.0 = Debug|Any CPU
		{B606AE04-E5B7-4912-AEB1-CCEDD3CBA536}.Debug|x86.ActiveCfg = Debug|Any CPU
		{B606AE04-E5B7-4912-AEB1-CCEDD3CBA536}.Debug|x86.Build.0 = Debug|Any CPU
		{B606AE04-E5B7-4912-AEB1-CCEDD3CBA536}.Release|Any CPU.ActiveCfg = Release|Any CPU
		{B606AE04-E5B7-4912-AEB1-CCEDD3CBA536}.Release|Any CPU.Build.0 = Release|Any CPU
		{B606AE04-E5B7-4912-AEB1-CCEDD3CBA536}.Release|x64.ActiveCfg = Release|Any CPU
		{B606AE04-E5B7-4912-AEB1-CCEDD3CBA536}.Release|x64.Build.0 = Release|Any CPU
		{B606AE04-E5B7-4912-AEB1-CCEDD3CBA536}.Release|x86.ActiveCfg = Release|Any CPU
		{B606AE04-E5B7-4912-AEB1-CCEDD3CBA536}.Release|x86.Build.0 = Release|Any CPU
		{4C88EF7A-90AC-4E3E-A819-2CC4CCC17402}.Debug|Any CPU.ActiveCfg = Debug|Any CPU
		{4C88EF7A-90AC-4E3E-A819-2CC4CCC17402}.Debug|Any CPU.Build.0 = Debug|Any CPU
		{4C88EF7A-90AC-4E3E-A819-2CC4CCC17402}.Debug|x64.ActiveCfg = Debug|Any CPU
		{4C88EF7A-90AC-4E3E-A819-2CC4CCC17402}.Debug|x64.Build.0 = Debug|Any CPU
		{4C88EF7A-90AC-4E3E-A819-2CC4CCC17402}.Debug|x86.ActiveCfg = Debug|Any CPU
		{4C88EF7A-90AC-4E3E-A819-2CC4CCC17402}.Debug|x86.Build.0 = Debug|Any CPU
		{4C88EF7A-90AC-4E3E-A819-2CC4CCC17402}.Release|Any CPU.ActiveCfg = Release|Any CPU
		{4C88EF7A-90AC-4E3E-A819-2CC4CCC17402}.Release|Any CPU.Build.0 = Release|Any CPU
		{4C88EF7A-90AC-4E3E-A819-2CC4CCC17402}.Release|x64.ActiveCfg = Release|Any CPU
		{4C88EF7A-90AC-4E3E-A819-2CC4CCC17402}.Release|x64.Build.0 = Release|Any CPU
		{4C88EF7A-90AC-4E3E-A819-2CC4CCC17402}.Release|x86.ActiveCfg = Release|Any CPU
		{4C88EF7A-90AC-4E3E-A819-2CC4CCC17402}.Release|x86.Build.0 = Release|Any CPU
		{AB8D52BD-06EE-4465-90EC-C77A36FB1B23}.Debug|Any CPU.ActiveCfg = Debug|Any CPU
		{AB8D52BD-06EE-4465-90EC-C77A36FB1B23}.Debug|Any CPU.Build.0 = Debug|Any CPU
		{AB8D52BD-06EE-4465-90EC-C77A36FB1B23}.Debug|x64.ActiveCfg = Debug|Any CPU
		{AB8D52BD-06EE-4465-90EC-C77A36FB1B23}.Debug|x64.Build.0 = Debug|Any CPU
		{AB8D52BD-06EE-4465-90EC-C77A36FB1B23}.Debug|x86.ActiveCfg = Debug|Any CPU
		{AB8D52BD-06EE-4465-90EC-C77A36FB1B23}.Debug|x86.Build.0 = Debug|Any CPU
		{AB8D52BD-06EE-4465-90EC-C77A36FB1B23}.Release|Any CPU.ActiveCfg = Release|Any CPU
		{AB8D52BD-06EE-4465-90EC-C77A36FB1B23}.Release|Any CPU.Build.0 = Release|Any CPU
		{AB8D52BD-06EE-4465-90EC-C77A36FB1B23}.Release|x64.ActiveCfg = Release|Any CPU
		{AB8D52BD-06EE-4465-90EC-C77A36FB1B23}.Release|x64.Build.0 = Release|Any CPU
		{AB8D52BD-06EE-4465-90EC-C77A36FB1B23}.Release|x86.ActiveCfg = Release|Any CPU
		{AB8D52BD-06EE-4465-90EC-C77A36FB1B23}.Release|x86.Build.0 = Release|Any CPU
		{29689A6F-5460-4100-B51A-78EF322DF5D5}.Debug|Any CPU.ActiveCfg = Debug|Any CPU
		{29689A6F-5460-4100-B51A-78EF322DF5D5}.Debug|Any CPU.Build.0 = Debug|Any CPU
		{29689A6F-5460-4100-B51A-78EF322DF5D5}.Debug|x64.ActiveCfg = Debug|Any CPU
		{29689A6F-5460-4100-B51A-78EF322DF5D5}.Debug|x64.Build.0 = Debug|Any CPU
		{29689A6F-5460-4100-B51A-78EF322DF5D5}.Debug|x86.ActiveCfg = Debug|Any CPU
		{29689A6F-5460-4100-B51A-78EF322DF5D5}.Debug|x86.Build.0 = Debug|Any CPU
		{29689A6F-5460-4100-B51A-78EF322DF5D5}.Release|Any CPU.ActiveCfg = Release|Any CPU
		{29689A6F-5460-4100-B51A-78EF322DF5D5}.Release|Any CPU.Build.0 = Release|Any CPU
		{29689A6F-5460-4100-B51A-78EF322DF5D5}.Release|x64.ActiveCfg = Release|Any CPU
		{29689A6F-5460-4100-B51A-78EF322DF5D5}.Release|x64.Build.0 = Release|Any CPU
		{29689A6F-5460-4100-B51A-78EF322DF5D5}.Release|x86.ActiveCfg = Release|Any CPU
		{29689A6F-5460-4100-B51A-78EF322DF5D5}.Release|x86.Build.0 = Release|Any CPU
		{CC9A3D1E-84DC-43A2-9BC1-BBFE0DF471AF}.Debug|Any CPU.ActiveCfg = Debug|Any CPU
		{CC9A3D1E-84DC-43A2-9BC1-BBFE0DF471AF}.Debug|Any CPU.Build.0 = Debug|Any CPU
		{CC9A3D1E-84DC-43A2-9BC1-BBFE0DF471AF}.Debug|x64.ActiveCfg = Debug|Any CPU
		{CC9A3D1E-84DC-43A2-9BC1-BBFE0DF471AF}.Debug|x64.Build.0 = Debug|Any CPU
		{CC9A3D1E-84DC-43A2-9BC1-BBFE0DF471AF}.Debug|x86.ActiveCfg = Debug|Any CPU
		{CC9A3D1E-84DC-43A2-9BC1-BBFE0DF471AF}.Debug|x86.Build.0 = Debug|Any CPU
		{CC9A3D1E-84DC-43A2-9BC1-BBFE0DF471AF}.Release|Any CPU.ActiveCfg = Release|Any CPU
		{CC9A3D1E-84DC-43A2-9BC1-BBFE0DF471AF}.Release|Any CPU.Build.0 = Release|Any CPU
		{CC9A3D1E-84DC-43A2-9BC1-BBFE0DF471AF}.Release|x64.ActiveCfg = Release|Any CPU
		{CC9A3D1E-84DC-43A2-9BC1-BBFE0DF471AF}.Release|x64.Build.0 = Release|Any CPU
		{CC9A3D1E-84DC-43A2-9BC1-BBFE0DF471AF}.Release|x86.ActiveCfg = Release|Any CPU
		{CC9A3D1E-84DC-43A2-9BC1-BBFE0DF471AF}.Release|x86.Build.0 = Release|Any CPU
	EndGlobalSection
	GlobalSection(NestedProjects) = preSolution
		{BD735FBA-1D9C-45AD-8BDD-1E89B059E4CC} = {10BC7168-BE16-4A3C-A7CC-F122C83E08F5}
		{0B949CC3-A1AF-4460-A942-D03ADA500BC0} = {10BC7168-BE16-4A3C-A7CC-F122C83E08F5}
		{8A8B41A2-9EAB-4E7C-9BDA-2DB93636CD2A} = {D1922E6F-C1D9-4C38-B667-36E417734DE8}
		{254EE5DD-ACA8-4BE0-B8DD-5594C2C03D6C} = {D1922E6F-C1D9-4C38-B667-36E417734DE8}
		{5195DD55-8257-4238-9B92-33E8574BBAA0} = {367233AC-1E0D-4FA2-8701-09702663DD54}
		{B606AE04-E5B7-4912-AEB1-CCEDD3CBA536} = {6E8C9C7B-7249-41CD-A466-C11A8644400B}
		{4C88EF7A-90AC-4E3E-A819-2CC4CCC17402} = {6E8C9C7B-7249-41CD-A466-C11A8644400B}
		{AB8D52BD-06EE-4465-90EC-C77A36FB1B23} = {6E8C9C7B-7249-41CD-A466-C11A8644400B}
		{29689A6F-5460-4100-B51A-78EF322DF5D5} = {6E8C9C7B-7249-41CD-A466-C11A8644400B}
		{CC9A3D1E-84DC-43A2-9BC1-BBFE0DF471AF} = {6E8C9C7B-7249-41CD-A466-C11A8644400B}
	EndGlobalSection
EndGlobal
